// !$*UTF8*$!
{
	archiveVersion = 1;
	classes = {
	};
	objectVersion = 50;
	objects = {

/* Begin PBXBuildFile section */
		3D29D869234D249400C587CB /* AppDelegate.swift in Sources */ = {isa = PBXBuildFile; fileRef = 3D29D868234D249400C587CB /* AppDelegate.swift */; };
		3D29D86B234D249400C587CB /* ViewController.swift in Sources */ = {isa = PBXBuildFile; fileRef = 3D29D86A234D249400C587CB /* ViewController.swift */; };
		3D29D86E234D249400C587CB /* Main.storyboard in Resources */ = {isa = PBXBuildFile; fileRef = 3D29D86C234D249400C587CB /* Main.storyboard */; };
		3D29D870234D249600C587CB /* Assets.xcassets in Resources */ = {isa = PBXBuildFile; fileRef = 3D29D86F234D249600C587CB /* Assets.xcassets */; };
		3D29D873234D249600C587CB /* LaunchScreen.storyboard in Resources */ = {isa = PBXBuildFile; fileRef = 3D29D871234D249600C587CB /* LaunchScreen.storyboard */; };
		3D29D87E234D249700C587CB /* ProyectoSegundoParcialTests.swift in Sources */ = {isa = PBXBuildFile; fileRef = 3D29D87D234D249700C587CB /* ProyectoSegundoParcialTests.swift */; };
		3D29D889234D249700C587CB /* ProyectoSegundoParcialUITests.swift in Sources */ = {isa = PBXBuildFile; fileRef = 3D29D888234D249700C587CB /* ProyectoSegundoParcialUITests.swift */; };
/* End PBXBuildFile section */

/* Begin PBXContainerItemProxy section */
		3D29D87A234D249700C587CB /* PBXContainerItemProxy */ = {
			isa = PBXContainerItemProxy;
			containerPortal = 3D29D85D234D249400C587CB /* Project object */;
			proxyType = 1;
			remoteGlobalIDString = 3D29D864234D249400C587CB;
			remoteInfo = ProyectoSegundoParcial;
		};
		3D29D885234D249700C587CB /* PBXContainerItemProxy */ = {
			isa = PBXContainerItemProxy;
			containerPortal = 3D29D85D234D249400C587CB /* Project object */;
			proxyType = 1;
			remoteGlobalIDString = 3D29D864234D249400C587CB;
			remoteInfo = ProyectoSegundoParcial;
		};
/* End PBXContainerItemProxy section */

/* Begin PBXFileReference section */
		3D29D865234D249400C587CB /* ProyectoSegundoParcial.app */ = {isa = PBXFileReference; explicitFileType = wrapper.application; includeInIndex = 0; path = ProyectoSegundoParcial.app; sourceTree = BUILT_PRODUCTS_DIR; };
		3D29D868234D249400C587CB /* AppDelegate.swift */ = {isa = PBXFileReference; lastKnownFileType = sourcecode.swift; path = AppDelegate.swift; sourceTree = "<group>"; };
		3D29D86A234D249400C587CB /* ViewController.swift */ = {isa = PBXFileReference; lastKnownFileType = sourcecode.swift; path = ViewController.swift; sourceTree = "<group>"; };
		3D29D86D234D249400C587CB /* Base */ = {isa = PBXFileReference; lastKnownFileType = file.storyboard; name = Base; path = Base.lproj/Main.storyboard; sourceTree = "<group>"; };
		3D29D86F234D249600C587CB /* Assets.xcassets */ = {isa = PBXFileReference; lastKnownFileType = folder.assetcatalog; path = Assets.xcassets; sourceTree = "<group>"; };
		3D29D872234D249600C587CB /* Base */ = {isa = PBXFileReference; lastKnownFileType = file.storyboard; name = Base; path = Base.lproj/LaunchScreen.storyboard; sourceTree = "<group>"; };
		3D29D874234D249600C587CB /* Info.plist */ = {isa = PBXFileReference; lastKnownFileType = text.plist.xml; path = Info.plist; sourceTree = "<group>"; };
		3D29D879234D249700C587CB /* ProyectoSegundoParcialTests.xctest */ = {isa = PBXFileReference; explicitFileType = wrapper.cfbundle; includeInIndex = 0; path = ProyectoSegundoParcialTests.xctest; sourceTree = BUILT_PRODUCTS_DIR; };
		3D29D87D234D249700C587CB /* ProyectoSegundoParcialTests.swift */ = {isa = PBXFileReference; lastKnownFileType = sourcecode.swift; path = ProyectoSegundoParcialTests.swift; sourceTree = "<group>"; };
		3D29D87F234D249700C587CB /* Info.plist */ = {isa = PBXFileReference; lastKnownFileType = text.plist.xml; path = Info.plist; sourceTree = "<group>"; };
		3D29D884234D249700C587CB /* ProyectoSegundoParcialUITests.xctest */ = {isa = PBXFileReference; explicitFileType = wrapper.cfbundle; includeInIndex = 0; path = ProyectoSegundoParcialUITests.xctest; sourceTree = BUILT_PRODUCTS_DIR; };
		3D29D888234D249700C587CB /* ProyectoSegundoParcialUITests.swift */ = {isa = PBXFileReference; lastKnownFileType = sourcecode.swift; path = ProyectoSegundoParcialUITests.swift; sourceTree = "<group>"; };
		3D29D88A234D249700C587CB /* Info.plist */ = {isa = PBXFileReference; lastKnownFileType = text.plist.xml; path = Info.plist; sourceTree = "<group>"; };
/* End PBXFileReference section */

/* Begin PBXFrameworksBuildPhase section */
		3D29D862234D249400C587CB /* Frameworks */ = {
			isa = PBXFrameworksBuildPhase;
			buildActionMask = 2147483647;
			files = (
			);
			runOnlyForDeploymentPostprocessing = 0;
		};
		3D29D876234D249700C587CB /* Frameworks */ = {
			isa = PBXFrameworksBuildPhase;
			buildActionMask = 2147483647;
			files = (
			);
			runOnlyForDeploymentPostprocessing = 0;
		};
		3D29D881234D249700C587CB /* Frameworks */ = {
			isa = PBXFrameworksBuildPhase;
			buildActionMask = 2147483647;
			files = (
			);
			runOnlyForDeploymentPostprocessing = 0;
		};
/* End PBXFrameworksBuildPhase section */

/* Begin PBXGroup section */
		3D29D85C234D249400C587CB = {
			isa = PBXGroup;
			children = (
				3D29D867234D249400C587CB /* ProyectoSegundoParcial */,
				3D29D87C234D249700C587CB /* ProyectoSegundoParcialTests */,
				3D29D887234D249700C587CB /* ProyectoSegundoParcialUITests */,
				3D29D866234D249400C587CB /* Products */,
			);
			sourceTree = "<group>";
		};
		3D29D866234D249400C587CB /* Products */ = {
			isa = PBXGroup;
			children = (
				3D29D865234D249400C587CB /* ProyectoSegundoParcial.app */,
				3D29D879234D249700C587CB /* ProyectoSegundoParcialTests.xctest */,
				3D29D884234D249700C587CB /* ProyectoSegundoParcialUITests.xctest */,
			);
			name = Products;
			sourceTree = "<group>";
		};
		3D29D867234D249400C587CB /* ProyectoSegundoParcial */ = {
			isa = PBXGroup;
			children = (
				3D29D868234D249400C587CB /* AppDelegate.swift */,
				3D29D86A234D249400C587CB /* ViewController.swift */,
				3D29D86C234D249400C587CB /* Main.storyboard */,
				3D29D86F234D249600C587CB /* Assets.xcassets */,
				3D29D871234D249600C587CB /* LaunchScreen.storyboard */,
				3D29D874234D249600C587CB /* Info.plist */,
			);
			path = ProyectoSegundoParcial;
			sourceTree = "<group>";
		};
		3D29D87C234D249700C587CB /* ProyectoSegundoParcialTests */ = {
			isa = PBXGroup;
			children = (
				3D29D87D234D249700C587CB /* ProyectoSegundoParcialTests.swift */,
				3D29D87F234D249700C587CB /* Info.plist */,
			);
			path = ProyectoSegundoParcialTests;
			sourceTree = "<group>";
		};
		3D29D887234D249700C587CB /* ProyectoSegundoParcialUITests */ = {
			isa = PBXGroup;
			children = (
				3D29D888234D249700C587CB /* ProyectoSegundoParcialUITests.swift */,
				3D29D88A234D249700C587CB /* Info.plist */,
			);
			path = ProyectoSegundoParcialUITests;
			sourceTree = "<group>";
		};
/* End PBXGroup section */

/* Begin PBXNativeTarget section */
		3D29D864234D249400C587CB /* ProyectoSegundoParcial */ = {
			isa = PBXNativeTarget;
			buildConfigurationList = 3D29D88D234D249700C587CB /* Build configuration list for PBXNativeTarget "ProyectoSegundoParcial" */;
			buildPhases = (
				3D29D861234D249400C587CB /* Sources */,
				3D29D862234D249400C587CB /* Frameworks */,
				3D29D863234D249400C587CB /* Resources */,
			);
			buildRules = (
			);
			dependencies = (
			);
			name = ProyectoSegundoParcial;
			productName = ProyectoSegundoParcial;
			productReference = 3D29D865234D249400C587CB /* ProyectoSegundoParcial.app */;
			productType = "com.apple.product-type.application";
		};
		3D29D878234D249700C587CB /* ProyectoSegundoParcialTests */ = {
			isa = PBXNativeTarget;
			buildConfigurationList = 3D29D890234D249700C587CB /* Build configuration list for PBXNativeTarget "ProyectoSegundoParcialTests" */;
			buildPhases = (
				3D29D875234D249700C587CB /* Sources */,
				3D29D876234D249700C587CB /* Frameworks */,
				3D29D877234D249700C587CB /* Resources */,
			);
			buildRules = (
			);
			dependencies = (
				3D29D87B234D249700C587CB /* PBXTargetDependency */,
			);
			name = ProyectoSegundoParcialTests;
			productName = ProyectoSegundoParcialTests;
			productReference = 3D29D879234D249700C587CB /* ProyectoSegundoParcialTests.xctest */;
			productType = "com.apple.product-type.bundle.unit-test";
		};
		3D29D883234D249700C587CB /* ProyectoSegundoParcialUITests */ = {
			isa = PBXNativeTarget;
			buildConfigurationList = 3D29D893234D249700C587CB /* Build configuration list for PBXNativeTarget "ProyectoSegundoParcialUITests" */;
			buildPhases = (
				3D29D880234D249700C587CB /* Sources */,
				3D29D881234D249700C587CB /* Frameworks */,
				3D29D882234D249700C587CB /* Resources */,
			);
			buildRules = (
			);
			dependencies = (
				3D29D886234D249700C587CB /* PBXTargetDependency */,
			);
			name = ProyectoSegundoParcialUITests;
			productName = ProyectoSegundoParcialUITests;
			productReference = 3D29D884234D249700C587CB /* ProyectoSegundoParcialUITests.xctest */;
			productType = "com.apple.product-type.bundle.ui-testing";
		};
/* End PBXNativeTarget section */

/* Begin PBXProject section */
		3D29D85D234D249400C587CB /* Project object */ = {
			isa = PBXProject;
			attributes = {
				LastSwiftUpdateCheck = 1030;
				LastUpgradeCheck = 1030;
				ORGANIZATIONNAME = Alumno;
				TargetAttributes = {
					3D29D864234D249400C587CB = {
						CreatedOnToolsVersion = 10.3;
					};
					3D29D878234D249700C587CB = {
						CreatedOnToolsVersion = 10.3;
						TestTargetID = 3D29D864234D249400C587CB;
					};
					3D29D883234D249700C587CB = {
						CreatedOnToolsVersion = 10.3;
						TestTargetID = 3D29D864234D249400C587CB;
					};
				};
			};
			buildConfigurationList = 3D29D860234D249400C587CB /* Build configuration list for PBXProject "ProyectoSegundoParcial" */;
			compatibilityVersion = "Xcode 9.3";
			developmentRegion = en;
			hasScannedForEncodings = 0;
			knownRegions = (
				en,
				Base,
			);
			mainGroup = 3D29D85C234D249400C587CB;
			productRefGroup = 3D29D866234D249400C587CB /* Products */;
			projectDirPath = "";
			projectRoot = "";
			targets = (
				3D29D864234D249400C587CB /* ProyectoSegundoParcial */,
				3D29D878234D249700C587CB /* ProyectoSegundoParcialTests */,
				3D29D883234D249700C587CB /* ProyectoSegundoParcialUITests */,
			);
		};
/* End PBXProject section */

/* Begin PBXResourcesBuildPhase section */
		3D29D863234D249400C587CB /* Resources */ = {
			isa = PBXResourcesBuildPhase;
			buildActionMask = 2147483647;
			files = (
				3D29D873234D249600C587CB /* LaunchScreen.storyboard in Resources */,
				3D29D870234D249600C587CB /* Assets.xcassets in Resources */,
				3D29D86E234D249400C587CB /* Main.storyboard in Resources */,
			);
			runOnlyForDeploymentPostprocessing = 0;
		};
		3D29D877234D249700C587CB /* Resources */ = {
			isa = PBXResourcesBuildPhase;
			buildActionMask = 2147483647;
			files = (
			);
			runOnlyForDeploymentPostprocessing = 0;
		};
		3D29D882234D249700C587CB /* Resources */ = {
			isa = PBXResourcesBuildPhase;
			buildActionMask = 2147483647;
			files = (
			);
			runOnlyForDeploymentPostprocessing = 0;
		};
/* End PBXResourcesBuildPhase section */

/* Begin PBXSourcesBuildPhase section */
		3D29D861234D249400C587CB /* Sources */ = {
			isa = PBXSourcesBuildPhase;
			buildActionMask = 2147483647;
			files = (
				3D29D86B234D249400C587CB /* ViewController.swift in Sources */,
				3D29D869234D249400C587CB /* AppDelegate.swift in Sources */,
			);
			runOnlyForDeploymentPostprocessing = 0;
		};
		3D29D875234D249700C587CB /* Sources */ = {
			isa = PBXSourcesBuildPhase;
			buildActionMask = 2147483647;
			files = (
				3D29D87E234D249700C587CB /* ProyectoSegundoParcialTests.swift in Sources */,
			);
			runOnlyForDeploymentPostprocessing = 0;
		};
		3D29D880234D249700C587CB /* Sources */ = {
			isa = PBXSourcesBuildPhase;
			buildActionMask = 2147483647;
			files = (
				3D29D889234D249700C587CB /* ProyectoSegundoParcialUITests.swift in Sources */,
			);
			runOnlyForDeploymentPostprocessing = 0;
		};
/* End PBXSourcesBuildPhase section */

/* Begin PBXTargetDependency section */
		3D29D87B234D249700C587CB /* PBXTargetDependency */ = {
			isa = PBXTargetDependency;
			target = 3D29D864234D249400C587CB /* ProyectoSegundoParcial */;
			targetProxy = 3D29D87A234D249700C587CB /* PBXContainerItemProxy */;
		};
		3D29D886234D249700C587CB /* PBXTargetDependency */ = {
			isa = PBXTargetDependency;
			target = 3D29D864234D249400C587CB /* ProyectoSegundoParcial */;
			targetProxy = 3D29D885234D249700C587CB /* PBXContainerItemProxy */;
		};
/* End PBXTargetDependency section */

/* Begin PBXVariantGroup section */
		3D29D86C234D249400C587CB /* Main.storyboard */ = {
			isa = PBXVariantGroup;
			children = (
				3D29D86D234D249400C587CB /* Base */,
			);
			name = Main.storyboard;
			sourceTree = "<group>";
		};
		3D29D871234D249600C587CB /* LaunchScreen.storyboard */ = {
			isa = PBXVariantGroup;
			children = (
				3D29D872234D249600C587CB /* Base */,
			);
			name = LaunchScreen.storyboard;
			sourceTree = "<group>";
		};
/* End PBXVariantGroup section */

/* Begin XCBuildConfiguration section */
		3D29D88B234D249700C587CB /* Debug */ = {
			isa = XCBuildConfiguration;
			buildSettings = {
				ALWAYS_SEARCH_USER_PATHS = NO;
				CLANG_ANALYZER_NONNULL = YES;
				CLANG_ANALYZER_NUMBER_OBJECT_CONVERSION = YES_AGGRESSIVE;
				CLANG_CXX_LANGUAGE_STANDARD = "gnu++14";
				CLANG_CXX_LIBRARY = "libc++";
				CLANG_ENABLE_MODULES = YES;
				CLANG_ENABLE_OBJC_ARC = YES;
				CLANG_ENABLE_OBJC_WEAK = YES;
				CLANG_WARN_BLOCK_CAPTURE_AUTORELEASING = YES;
				CLANG_WARN_BOOL_CONVERSION = YES;
				CLANG_WARN_COMMA = YES;
				CLANG_WARN_CONSTANT_CONVERSION = YES;
				CLANG_WARN_DEPRECATED_OBJC_IMPLEMENTATIONS = YES;
				CLANG_WARN_DIRECT_OBJC_ISA_USAGE = YES_ERROR;
				CLANG_WARN_DOCUMENTATION_COMMENTS = YES;
				CLANG_WARN_EMPTY_BODY = YES;
				CLANG_WARN_ENUM_CONVERSION = YES;
				CLANG_WARN_INFINITE_RECURSION = YES;
				CLANG_WARN_INT_CONVERSION = YES;
				CLANG_WARN_NON_LITERAL_NULL_CONVERSION = YES;
				CLANG_WARN_OBJC_IMPLICIT_RETAIN_SELF = YES;
				CLANG_WARN_OBJC_LITERAL_CONVERSION = YES;
				CLANG_WARN_OBJC_ROOT_CLASS = YES_ERROR;
				CLANG_WARN_RANGE_LOOP_ANALYSIS = YES;
				CLANG_WARN_STRICT_PROTOTYPES = YES;
				CLANG_WARN_SUSPICIOUS_MOVE = YES;
				CLANG_WARN_UNGUARDED_AVAILABILITY = YES_AGGRESSIVE;
				CLANG_WARN_UNREACHABLE_CODE = YES;
				CLANG_WARN__DUPLICATE_METHOD_MATCH = YES;
				CODE_SIGN_IDENTITY = "iPhone Developer";
				COPY_PHASE_STRIP = NO;
				DEBUG_INFORMATION_FORMAT = dwarf;
				ENABLE_STRICT_OBJC_MSGSEND = YES;
				ENABLE_TESTABILITY = YES;
				GCC_C_LANGUAGE_STANDARD = gnu11;
				GCC_DYNAMIC_NO_PIC = NO;
				GCC_NO_COMMON_BLOCKS = YES;
				GCC_OPTIMIZATION_LEVEL = 0;
				GCC_PREPROCESSOR_DEFINITIONS = (
					"DEBUG=1",
					"$(inherited)",
				);
				GCC_WARN_64_TO_32_BIT_CONVERSION = YES;
				GCC_WARN_ABOUT_RETURN_TYPE = YES_ERROR;
				GCC_WARN_UNDECLARED_SELECTOR = YES;
				GCC_WARN_UNINITIALIZED_AUTOS = YES_AGGRESSIVE;
				GCC_WARN_UNUSED_FUNCTION = YES;
				GCC_WARN_UNUSED_VARIABLE = YES;
				IPHONEOS_DEPLOYMENT_TARGET = 12.4;
				MTL_ENABLE_DEBUG_INFO = INCLUDE_SOURCE;
				MTL_FAST_MATH = YES;
				ONLY_ACTIVE_ARCH = YES;
				SDKROOT = iphoneos;
				SWIFT_ACTIVE_COMPILATION_CONDITIONS = DEBUG;
				SWIFT_OPTIMIZATION_LEVEL = "-Onone";
			};
			name = Debug;
		};
		3D29D88C234D249700C587CB /* Release */ = {
			isa = XCBuildConfiguration;
			buildSettings = {
				ALWAYS_SEARCH_USER_PATHS = NO;
				CLANG_ANALYZER_NONNULL = YES;
				CLANG_ANALYZER_NUMBER_OBJECT_CONVERSION = YES_AGGRESSIVE;
				CLANG_CXX_LANGUAGE_STANDARD = "gnu++14";
				CLANG_CXX_LIBRARY = "libc++";
				CLANG_ENABLE_MODULES = YES;
				CLANG_ENABLE_OBJC_ARC = YES;
				CLANG_ENABLE_OBJC_WEAK = YES;
				CLANG_WARN_BLOCK_CAPTURE_AUTORELEASING = YES;
				CLANG_WARN_BOOL_CONVERSION = YES;
				CLANG_WARN_COMMA = YES;
				CLANG_WARN_CONSTANT_CONVERSION = YES;
				CLANG_WARN_DEPRECATED_OBJC_IMPLEMENTATIONS = YES;
				CLANG_WARN_DIRECT_OBJC_ISA_USAGE = YES_ERROR;
				CLANG_WARN_DOCUMENTATION_COMMENTS = YES;
				CLANG_WARN_EMPTY_BODY = YES;
				CLANG_WARN_ENUM_CONVERSION = YES;
				CLANG_WARN_INFINITE_RECURSION = YES;
				CLANG_WARN_INT_CONVERSION = YES;
				CLANG_WARN_NON_LITERAL_NULL_CONVERSION = YES;
				CLANG_WARN_OBJC_IMPLICIT_RETAIN_SELF = YES;
				CLANG_WARN_OBJC_LITERAL_CONVERSION = YES;
				CLANG_WARN_OBJC_ROOT_CLASS = YES_ERROR;
				CLANG_WARN_RANGE_LOOP_ANALYSIS = YES;
				CLANG_WARN_STRICT_PROTOTYPES = YES;
				CLANG_WARN_SUSPICIOUS_MOVE = YES;
				CLANG_WARN_UNGUARDED_AVAILABILITY = YES_AGGRESSIVE;
				CLANG_WARN_UNREACHABLE_CODE = YES;
				CLANG_WARN__DUPLICATE_METHOD_MATCH = YES;
				CODE_SIGN_IDENTITY = "iPhone Developer";
				COPY_PHASE_STRIP = NO;
				DEBUG_INFORMATION_FORMAT = "dwarf-with-dsym";
				ENABLE_NS_ASSERTIONS = NO;
				ENABLE_STRICT_OBJC_MSGSEND = YES;
				GCC_C_LANGUAGE_STANDARD = gnu11;
				GCC_NO_COMMON_BLOCKS = YES;
				GCC_WARN_64_TO_32_BIT_CONVERSION = YES;
				GCC_WARN_ABOUT_RETURN_TYPE = YES_ERROR;
				GCC_WARN_UNDECLARED_SELECTOR = YES;
				GCC_WARN_UNINITIALIZED_AUTOS = YES_AGGRESSIVE;
				GCC_WARN_UNUSED_FUNCTION = YES;
				GCC_WARN_UNUSED_VARIABLE = YES;
				IPHONEOS_DEPLOYMENT_TARGET = 12.4;
				MTL_ENABLE_DEBUG_INFO = NO;
				MTL_FAST_MATH = YES;
				SDKROOT = iphoneos;
				SWIFT_COMPILATION_MODE = wholemodule;
				SWIFT_OPTIMIZATION_LEVEL = "-O";
				VALIDATE_PRODUCT = YES;
			};
			name = Release;
		};
		3D29D88E234D249700C587CB /* Debug */ = {
			isa = XCBuildConfiguration;
			buildSettings = {
				ASSETCATALOG_COMPILER_APPICON_NAME = AppIcon;
				CODE_SIGN_STYLE = Automatic;
				INFOPLIST_FILE = ProyectoSegundoParcial/Info.plist;
				LD_RUNPATH_SEARCH_PATHS = (
					"$(inherited)",
					"@executable_path/Frameworks",
				);
				PRODUCT_BUNDLE_IDENTIFIER = ulsa.edu.ProyectoSegundoParcial;
				PRODUCT_NAME = "$(TARGET_NAME)";
				SWIFT_VERSION = 5.0;
				TARGETED_DEVICE_FAMILY = "1,2";
			};
			name = Debug;
		};
		3D29D88F234D249700C587CB /* Release */ = {
			isa = XCBuildConfiguration;
			buildSettings = {
				ASSETCATALOG_COMPILER_APPICON_NAME = AppIcon;
				CODE_SIGN_STYLE = Automatic;
				INFOPLIST_FILE = ProyectoSegundoParcial/Info.plist;
				LD_RUNPATH_SEARCH_PATHS = (
					"$(inherited)",
					"@executable_path/Frameworks",
				);
				PRODUCT_BUNDLE_IDENTIFIER = ulsa.edu.ProyectoSegundoParcial;
				PRODUCT_NAME = "$(TARGET_NAME)";
				SWIFT_VERSION = 5.0;
				TARGETED_DEVICE_FAMILY = "1,2";
			};
			name = Release;
		};
		3D29D891234D249700C587CB /* Debug */ = {
			isa = XCBuildConfiguration;
			buildSettings = {
				ALWAYS_EMBED_SWIFT_STANDARD_LIBRARIES = YES;
				BUNDLE_LOADER = "$(TEST_HOST)";
				CODE_SIGN_STYLE = Automatic;
				INFOPLIST_FILE = ProyectoSegundoParcialTests/Info.plist;
				LD_RUNPATH_SEARCH_PATHS = (
					"$(inherited)",
					"@executable_path/Frameworks",
					"@loader_path/Frameworks",
				);
				PRODUCT_BUNDLE_IDENTIFIER = ulsa.edu.ProyectoSegundoParcialTests;
				PRODUCT_NAME = "$(TARGET_NAME)";
				SWIFT_VERSION = 5.0;
				TARGETED_DEVICE_FAMILY = "1,2";
				TEST_HOST = "$(BUILT_PRODUCTS_DIR)/ProyectoSegundoParcial.app/ProyectoSegundoParcial";
			};
			name = Debug;
		};
		3D29D892234D249700C587CB /* Release */ = {
			isa = XCBuildConfiguration;
			buildSettings = {
				ALWAYS_EMBED_SWIFT_STANDARD_LIBRARIES = YES;
				BUNDLE_LOADER = "$(TEST_HOST)";
				CODE_SIGN_STYLE = Automatic;
				INFOPLIST_FILE = ProyectoSegundoParcialTests/Info.plist;
				LD_RUNPATH_SEARCH_PATHS = (
					"$(inherited)",
					"@executable_path/Frameworks",
					"@loader_path/Frameworks",
				);
				PRODUCT_BUNDLE_IDENTIFIER = ulsa.edu.ProyectoSegundoParcialTests;
				PRODUCT_NAME = "$(TARGET_NAME)";
				SWIFT_VERSION = 5.0;
				TARGETED_DEVICE_FAMILY = "1,2";
				TEST_HOST = "$(BUILT_PRODUCTS_DIR)/ProyectoSegundoParcial.app/ProyectoSegundoParcial";
			};
			name = Release;
		};
		3D29D894234D249700C587CB /* Debug */ = {
			isa = XCBuildConfiguration;
			buildSettings = {
				ALWAYS_EMBED_SWIFT_STANDARD_LIBRARIES = YES;
				CODE_SIGN_STYLE = Automatic;
				INFOPLIST_FILE = ProyectoSegundoParcialUITests/Info.plist;
				LD_RUNPATH_SEARCH_PATHS = (
					"$(inherited)",
					"@executable_path/Frameworks",
					"@loader_path/Frameworks",
				);
				PRODUCT_BUNDLE_IDENTIFIER = ulsa.edu.ProyectoSegundoParcialUITests;
				PRODUCT_NAME = "$(TARGET_NAME)";
				SWIFT_VERSION = 5.0;
				TARGETED_DEVICE_FAMILY = "1,2";
				TEST_TARGET_NAME = ProyectoSegundoParcial;
			};
			name = Debug;
		};
		3D29D895234D249700C587CB /* Release */ = {
			isa = XCBuildConfiguration;
			buildSettings = {
				ALWAYS_EMBED_SWIFT_STANDARD_LIBRARIES = YES;
				CODE_SIGN_STYLE = Automatic;
				INFOPLIST_FILE = ProyectoSegundoParcialUITests/Info.plist;
				LD_RUNPATH_SEARCH_PATHS = (
					"$(inherited)",
					"@executable_path/Frameworks",
					"@loader_path/Frameworks",
				);
				PRODUCT_BUNDLE_IDENTIFIER = ulsa.edu.ProyectoSegundoParcialUITests;
				PRODUCT_NAME = "$(TARGET_NAME)";
				SWIFT_VERSION = 5.0;
				TARGETED_DEVICE_FAMILY = "1,2";
				TEST_TARGET_NAME = ProyectoSegundoParcial;
			};
			name = Release;
		};
/* End XCBuildConfiguration section */

/* Begin XCConfigurationList section */
		3D29D860234D249400C587CB /* Build configuration list for PBXProject "ProyectoSegundoParcial" */ = {
			isa = XCConfigurationList;
			buildConfigurations = (
				3D29D88B234D249700C587CB /* Debug */,
				3D29D88C234D249700C587CB /* Release */,
			);
			defaultConfigurationIsVisible = 0;
			defaultConfigurationName = Release;
		};
		3D29D88D234D249700C587CB /* Build configuration list for PBXNativeTarget "ProyectoSegundoParcial" */ = {
			isa = XCConfigurationList;
			buildConfigurations = (
				3D29D88E234D249700C587CB /* Debug */,
				3D29D88F234D249700C587CB /* Release */,
			);
			defaultConfigurationIsVisible = 0;
			defaultConfigurationName = Release;
		};
		3D29D890234D249700C587CB /* Build configuration list for PBXNativeTarget "ProyectoSegundoParcialTests" */ = {
			isa = XCConfigurationList;
			buildConfigurations = (
				3D29D891234D249700C587CB /* Debug */,
				3D29D892234D249700C587CB /* Release */,
			);
			defaultConfigurationIsVisible = 0;
			defaultConfigurationName = Release;
		};
		3D29D893234D249700C587CB /* Build configuration list for PBXNativeTarget "ProyectoSegundoParcialUITests" */ = {
			isa = XCConfigurationList;
			buildConfigurations = (
				3D29D894234D249700C587CB /* Debug */,
				3D29D895234D249700C587CB /* Release */,
			);
			defaultConfigurationIsVisible = 0;
			defaultConfigurationName = Release;
		};
/* End XCConfigurationList section */
	};
	rootObject = 3D29D85D234D249400C587CB /* Project object */;
}
